
Microsoft Visual Studio Solution File, Format Version 12.00
# Visual Studio Version 16
VisualStudioVersion = 16.0.30413.136
MinimumVisualStudioVersion = 10.0.40219.1
Project("{FAE04EC0-301F-11D3-BF4B-00C04F79EFBC}") = "kursovoi_project_trpo", "kursovoi_project_trpo\kursovoi_project_trpo.csproj", "{EBDBDE9C-1869-458B-989C-DE1FDBC02A5A}"
EndProject
Global
	GlobalSection(SolutionConfigurationPlatforms) = preSolution
		Debug|Any CPU = Debug|Any CPU
		Release|Any CPU = Release|Any CPU
	EndGlobalSection
	GlobalSection(ProjectConfigurationPlatforms) = postSolution
		{EBDBDE9C-1869-458B-989C-DE1FDBC02A5A}.Debug|Any CPU.ActiveCfg = Debug|Any CPU
		{EBDBDE9C-1869-458B-989C-DE1FDBC02A5A}.Debug|Any CPU.Build.0 = Debug|Any CPU
		{EBDBDE9C-1869-458B-989C-DE1FDBC02A5A}.Release|Any CPU.ActiveCfg = Release|Any CPU
		{EBDBDE9C-1869-458B-989C-DE1FDBC02A5A}.Release|Any CPU.Build.0 = Release|Any CPU
	EndGlobalSection
	GlobalSection(SolutionProperties) = preSolution
		HideSolutionNode = FALSE
	EndGlobalSection
	GlobalSection(ExtensibilityGlobals) = postSolution
		SolutionGuid = {8280B239-270A-460F-8DC3-9C10A2D455B9}
	EndGlobalSection
EndGlobal
